Microsoft Visual Studio Solution File, Format Version 12.00
# Visual Studio Version 17
VisualStudioVersion = 17.5.2.0
MinimumVisualStudioVersion = 10.0.40219.1

Project("{FAE04EC0-301F-11D3-BF4B-00C04F79EFBC}") = "backend.Api", "src\backend.Api\backend.Api.csproj", "{B5CEE1AB-68C5-FCEC-EA61-653FFB609ED2}"
EndProject
Project("{FAE04EC0-301F-11D3-BF4B-00C04F79EFBC}") = "backend.Core", "src\backend.Core\backend.Core.csproj", "{A7F2E3D0-83F7-4E3C-8A3E-2D9FA7C993A2}"
EndProject
Project("{FAE04EC0-301F-11D3-BF4B-00C04F79EFBC}") = "backend.Infrastructure", "src\backend.Infrastructure\backend.Infrastructure.csproj", "{D34BC117-B04E-4FE4-9941-1E123B6D7B9C}"
EndProject

Global
	GlobalSection(SolutionConfigurationPlatforms) = preSolution
		Debug|Any CPU = Debug|Any CPU
		Release|Any CPU = Release|Any CPU
	EndGlobalSection
	GlobalSection(ProjectConfigurationPlatforms) = postSolution
		{B5CEE1AB-68C5-FCEC-EA61-653FFB609ED2}.Debug|Any CPU.ActiveCfg = Debug|Any CPU
		{B5CEE1AB-68C5-FCEC-EA61-653FFB609ED2}.Debug|Any CPU.Build.0 = Debug|Any CPU
		{B5CEE1AB-68C5-FCEC-EA61-653FFB609ED2}.Release|Any CPU.ActiveCfg = Release|Any CPU
		{B5CEE1AB-68C5-FCEC-EA61-653FFB609ED2}.Release|Any CPU.Build.0 = Release|Any CPU

		{A7F2E3D0-83F7-4E3C-8A3E-2D9FA7C993A2}.Debug|Any CPU.ActiveCfg = Debug|Any CPU
		{A7F2E3D0-83F7-4E3C-8A3E-2D9FA7C993A2}.Debug|Any CPU.Build.0 = Debug|Any CPU
		{A7F2E3D0-83F7-4E3C-8A3E-2D9FA7C993A2}.Release|Any CPU.ActiveCfg = Release|Any CPU
		{A7F2E3D0-83F7-4E3C-8A3E-2D9FA7C993A2}.Release|Any CPU.Build.0 = Release|Any CPU

		{D34BC117-B04E-4FE4-9941-1E123B6D7B9C}.Debug|Any CPU.ActiveCfg = Debug|Any CPU
		{D34BC117-B04E-4FE4-9941-1E123B6D7B9C}.Debug|Any CPU.Build.0 = Debug|Any CPU
		{D34BC117-B04E-4FE4-9941-1E123B6D7B9C}.Release|Any CPU.ActiveCfg = Release|Any CPU
		{D34BC117-B04E-4FE4-9941-1E123B6D7B9C}.Release|Any CPU.Build.0 = Release|Any CPU
	EndGlobalSection
	GlobalSection(SolutionProperties) = preSolution
		HideSolutionNode = FALSE
	EndGlobalSection
	GlobalSection(ExtensibilityGlobals) = postSolution
		SolutionGuid = {25199F77-63BB-4C2B-B003-8A1901321EF7}
	EndGlobalSection
EndGlobal
